
Microsoft Visual Studio Solution File, Format Version 12.00
Project("{FAE04EC0-301F-11D3-BF4B-00C04F79EFBC}") = "BinaryShenanigans", "BinaryShenanigans\BinaryShenanigans.csproj", "{31CA09DF-9743-4DF6-89ED-BE10CFBBFACA}"
EndProject
Project("{FAE04EC0-301F-11D3-BF4B-00C04F79EFBC}") = "BinaryShenanigans.Benchmarks", "BinaryShenanigans.Benchmarks\BinaryShenanigans.Benchmarks.csproj", "{31C8DAED-E64D-48A0-8E4F-B461321A1135}"
EndProject
Project("{FAE04EC0-301F-11D3-BF4B-00C04F79EFBC}") = "BinaryShenanigans.Tests", "BinaryShenanigans.Tests\BinaryShenanigans.Tests.csproj", "{ED8FDD43-71A9-4001-B3BF-E84BEFA456A0}"
EndProject
Project("{2150E333-8FDC-42A3-9474-1A3956D46DE8}") = ".solutionItems", ".solutionItems", "{D995F339-66B9-4CB9-B5C8-93BFAE9E059A}"
ProjectSection(SolutionItems) = preProject
	README.md = README.md
	.editorconfig = .editorconfig
	.gitignore = .gitignore
	LICENSE = LICENSE
	nuget.config = nuget.config
EndProjectSection
EndProject
Project("{FAE04EC0-301F-11D3-BF4B-00C04F79EFBC}") = "BinaryShenanigans.BinaryParser", "BinaryShenanigans.BinaryParser\BinaryShenanigans.BinaryParser.csproj", "{E4303B77-4F6F-4026-B39A-2B7303C20E94}"
EndProject
Project("{FAE04EC0-301F-11D3-BF4B-00C04F79EFBC}") = "BinaryShenanigans.BinaryParser.Gen", "BinaryShenanigans.BinaryParser.Gen\BinaryShenanigans.BinaryParser.Gen.csproj", "{CE9115C3-8A4D-4C40-A6C7-80F9CEC5C7EF}"
EndProject
Project("{FAE04EC0-301F-11D3-BF4B-00C04F79EFBC}") = "BinaryShenanigans.Example", "BinaryShenanigans.Example\BinaryShenanigans.Example.csproj", "{7EA2F123-82CE-4654-A8F8-B76060093CA3}"
EndProject
Project("{FAE04EC0-301F-11D3-BF4B-00C04F79EFBC}") = "CodeWriterUtils", "libs\CodeWriterUtils\CodeWriterUtils\CodeWriterUtils.csproj", "{582B3111-D3A0-481D-96F7-762226471F22}"
EndProject
Project("{FAE04EC0-301F-11D3-BF4B-00C04F79EFBC}") = "BinaryShenanigans.BinaryParser.GenRunner", "BinaryShenanigans.BinaryParser.GenRunner\BinaryShenanigans.BinaryParser.GenRunner.csproj", "{54DFFF57-16A4-4022-BDD0-EE7D91E5A19D}"
EndProject
Global
	GlobalSection(SolutionConfigurationPlatforms) = preSolution
		Debug|Any CPU = Debug|Any CPU
		Release|Any CPU = Release|Any CPU
	EndGlobalSection
	GlobalSection(ProjectConfigurationPlatforms) = postSolution
		{31CA09DF-9743-4DF6-89ED-BE10CFBBFACA}.Debug|Any CPU.ActiveCfg = Debug|Any CPU
		{31CA09DF-9743-4DF6-89ED-BE10CFBBFACA}.Debug|Any CPU.Build.0 = Debug|Any CPU
		{31CA09DF-9743-4DF6-89ED-BE10CFBBFACA}.Release|Any CPU.ActiveCfg = Release|Any CPU
		{31CA09DF-9743-4DF6-89ED-BE10CFBBFACA}.Release|Any CPU.Build.0 = Release|Any CPU
		{31C8DAED-E64D-48A0-8E4F-B461321A1135}.Debug|Any CPU.ActiveCfg = Debug|Any CPU
		{31C8DAED-E64D-48A0-8E4F-B461321A1135}.Debug|Any CPU.Build.0 = Debug|Any CPU
		{31C8DAED-E64D-48A0-8E4F-B461321A1135}.Release|Any CPU.ActiveCfg = Release|Any CPU
		{31C8DAED-E64D-48A0-8E4F-B461321A1135}.Release|Any CPU.Build.0 = Release|Any CPU
		{ED8FDD43-71A9-4001-B3BF-E84BEFA456A0}.Debug|Any CPU.ActiveCfg = Debug|Any CPU
		{ED8FDD43-71A9-4001-B3BF-E84BEFA456A0}.Debug|Any CPU.Build.0 = Debug|Any CPU
		{ED8FDD43-71A9-4001-B3BF-E84BEFA456A0}.Release|Any CPU.ActiveCfg = Release|Any CPU
		{ED8FDD43-71A9-4001-B3BF-E84BEFA456A0}.Release|Any CPU.Build.0 = Release|Any CPU
		{E4303B77-4F6F-4026-B39A-2B7303C20E94}.Debug|Any CPU.ActiveCfg = Debug|Any CPU
		{E4303B77-4F6F-4026-B39A-2B7303C20E94}.Debug|Any CPU.Build.0 = Debug|Any CPU
		{E4303B77-4F6F-4026-B39A-2B7303C20E94}.Release|Any CPU.ActiveCfg = Release|Any CPU
		{E4303B77-4F6F-4026-B39A-2B7303C20E94}.Release|Any CPU.Build.0 = Release|Any CPU
		{CE9115C3-8A4D-4C40-A6C7-80F9CEC5C7EF}.Debug|Any CPU.ActiveCfg = Debug|Any CPU
		{CE9115C3-8A4D-4C40-A6C7-80F9CEC5C7EF}.Debug|Any CPU.Build.0 = Debug|Any CPU
		{CE9115C3-8A4D-4C40-A6C7-80F9CEC5C7EF}.Release|Any CPU.ActiveCfg = Release|Any CPU
		{CE9115C3-8A4D-4C40-A6C7-80F9CEC5C7EF}.Release|Any CPU.Build.0 = Release|Any CPU
		{7EA2F123-82CE-4654-A8F8-B76060093CA3}.Debug|Any CPU.ActiveCfg = Debug|Any CPU
		{7EA2F123-82CE-4654-A8F8-B76060093CA3}.Debug|Any CPU.Build.0 = Debug|Any CPU
		{7EA2F123-82CE-4654-A8F8-B76060093CA3}.Release|Any CPU.ActiveCfg = Release|Any CPU
		{7EA2F123-82CE-4654-A8F8-B76060093CA3}.Release|Any CPU.Build.0 = Release|Any CPU
		{582B3111-D3A0-481D-96F7-762226471F22}.Debug|Any CPU.ActiveCfg = Debug|Any CPU
		{582B3111-D3A0-481D-96F7-762226471F22}.Debug|Any CPU.Build.0 = Debug|Any CPU
		{582B3111-D3A0-481D-96F7-762226471F22}.Release|Any CPU.ActiveCfg = Release|Any CPU
		{582B3111-D3A0-481D-96F7-762226471F22}.Release|Any CPU.Build.0 = Release|Any CPU
		{54DFFF57-16A4-4022-BDD0-EE7D91E5A19D}.Debug|Any CPU.ActiveCfg = Debug|Any CPU
		{54DFFF57-16A4-4022-BDD0-EE7D91E5A19D}.Debug|Any CPU.Build.0 = Debug|Any CPU
		{54DFFF57-16A4-4022-BDD0-EE7D91E5A19D}.Release|Any CPU.ActiveCfg = Release|Any CPU
		{54DFFF57-16A4-4022-BDD0-EE7D91E5A19D}.Release|Any CPU.Build.0 = Release|Any CPU
	EndGlobalSection
EndGlobal
